
Microsoft Visual Studio Solution File, Format Version 12.00
# Visual Studio 15
VisualStudioVersion = 15.0.27428.2027
MinimumVisualStudioVersion = 10.0.40219.1
Project("{FAE04EC0-301F-11D3-BF4B-00C04F79EFBC}") = "Standalone", "Standalone.csproj", "{1FA4B821-EA7E-445B-BFAE-492DAC932A84}"
EndProject
Project("{FAE04EC0-301F-11D3-BF4B-00C04F79EFBC}") = "DVHextractor", "..\..\..\..\02 Programmering\C# scripting\01 Eclipse scripts\DVHextractor\DVHextractor\DVHextractor\DVHextractor.csproj", "{57381297-12B3-4B17-8723-9D7AB2E2BA8B}"
EndProject
Project("{FAE04EC0-301F-11D3-BF4B-00C04F79EFBC}") = "WindowBord", "..\..\..\..\02 Programmering\C# scripting\01 Eclipse scripts\WindowBord\WindowBord\WindowBord.csproj", "{A57C21FE-201E-42B7-B95E-03DE7566A815}"
EndProject
Global
	GlobalSection(SolutionConfigurationPlatforms) = preSolution
		Debug|Any CPU = Debug|Any CPU
		Debug|x64 = Debug|x64
		Release|Any CPU = Release|Any CPU
		Release|x64 = Release|x64
	EndGlobalSection
	GlobalSection(ProjectConfigurationPlatforms) = postSolution
		{1FA4B821-EA7E-445B-BFAE-492DAC932A84}.Debug|Any CPU.ActiveCfg = Debug|x64
		{1FA4B821-EA7E-445B-BFAE-492DAC932A84}.Debug|x64.ActiveCfg = Debug|x64
		{1FA4B821-EA7E-445B-BFAE-492DAC932A84}.Debug|x64.Build.0 = Debug|x64
		{1FA4B821-EA7E-445B-BFAE-492DAC932A84}.Release|Any CPU.ActiveCfg = Release|x64
		{1FA4B821-EA7E-445B-BFAE-492DAC932A84}.Release|x64.ActiveCfg = Release|x64
		{1FA4B821-EA7E-445B-BFAE-492DAC932A84}.Release|x64.Build.0 = Release|x64
		{57381297-12B3-4B17-8723-9D7AB2E2BA8B}.Debug|Any CPU.ActiveCfg = Debug|Any CPU
		{57381297-12B3-4B17-8723-9D7AB2E2BA8B}.Debug|Any CPU.Build.0 = Debug|Any CPU
		{57381297-12B3-4B17-8723-9D7AB2E2BA8B}.Debug|x64.ActiveCfg = Debug|Any CPU
		{57381297-12B3-4B17-8723-9D7AB2E2BA8B}.Debug|x64.Build.0 = Debug|Any CPU
		{57381297-12B3-4B17-8723-9D7AB2E2BA8B}.Release|Any CPU.ActiveCfg = Release|Any CPU
		{57381297-12B3-4B17-8723-9D7AB2E2BA8B}.Release|Any CPU.Build.0 = Release|Any CPU
		{57381297-12B3-4B17-8723-9D7AB2E2BA8B}.Release|x64.ActiveCfg = Release|Any CPU
		{57381297-12B3-4B17-8723-9D7AB2E2BA8B}.Release|x64.Build.0 = Release|Any CPU
		{A57C21FE-201E-42B7-B95E-03DE7566A815}.Debug|Any CPU.ActiveCfg = Debug|Any CPU
		{A57C21FE-201E-42B7-B95E-03DE7566A815}.Debug|Any CPU.Build.0 = Debug|Any CPU
		{A57C21FE-201E-42B7-B95E-03DE7566A815}.Debug|x64.ActiveCfg = Debug|Any CPU
		{A57C21FE-201E-42B7-B95E-03DE7566A815}.Debug|x64.Build.0 = Debug|Any CPU
		{A57C21FE-201E-42B7-B95E-03DE7566A815}.Release|Any CPU.ActiveCfg = Release|Any CPU
		{A57C21FE-201E-42B7-B95E-03DE7566A815}.Release|Any CPU.Build.0 = Release|Any CPU
		{A57C21FE-201E-42B7-B95E-03DE7566A815}.Release|x64.ActiveCfg = Release|Any CPU
		{A57C21FE-201E-42B7-B95E-03DE7566A815}.Release|x64.Build.0 = Release|Any CPU
	EndGlobalSection
	GlobalSection(SolutionProperties) = preSolution
		HideSolutionNode = FALSE
	EndGlobalSection
	GlobalSection(ExtensibilityGlobals) = postSolution
		SolutionGuid = {5E910789-7574-4C2A-BEB5-E67C09A725EB}
	EndGlobalSection
EndGlobal
